
Microsoft Visual Studio Solution File, Format Version 12.00
# Visual Studio Version 16
VisualStudioVersion = 16.0.29509.3
MinimumVisualStudioVersion = 10.0.40219.1
Project("{FAE04EC0-301F-11D3-BF4B-00C04F79EFBC}") = "Emlak", "Emlak\Emlak.csproj", "{72E7A60D-E51B-4D27-9D70-75AEB017E1F0}"
EndProject
Project("{54435603-DBB4-11D2-8724-00A0C9A8B90C}") = "KiraTakipSetup", "KiraTakipSetup\KiraTakipSetup.vdproj", "{300374A6-3AE2-4FC4-9627-D6D035EE333C}"
EndProject
Project("{FAE04EC0-301F-11D3-BF4B-00C04F79EFBC}") = "Backup", "Backup\Backup.csproj", "{D780A7BE-C679-4245-B9D8-B2A92F0FB468}"
EndProject
Global
	GlobalSection(SolutionConfigurationPlatforms) = preSolution
		Debug|Any CPU = Debug|Any CPU
		Release|Any CPU = Release|Any CPU
	EndGlobalSection
	GlobalSection(ProjectConfigurationPlatforms) = postSolution
		{72E7A60D-E51B-4D27-9D70-75AEB017E1F0}.Debug|Any CPU.ActiveCfg = Debug|Any CPU
		{72E7A60D-E51B-4D27-9D70-75AEB017E1F0}.Debug|Any CPU.Build.0 = Debug|Any CPU
		{72E7A60D-E51B-4D27-9D70-75AEB017E1F0}.Release|Any CPU.ActiveCfg = Release|Any CPU
		{72E7A60D-E51B-4D27-9D70-75AEB017E1F0}.Release|Any CPU.Build.0 = Release|Any CPU
		{300374A6-3AE2-4FC4-9627-D6D035EE333C}.Debug|Any CPU.ActiveCfg = Debug
		{300374A6-3AE2-4FC4-9627-D6D035EE333C}.Release|Any CPU.ActiveCfg = Release
		{D780A7BE-C679-4245-B9D8-B2A92F0FB468}.Debug|Any CPU.ActiveCfg = Debug|Any CPU
		{D780A7BE-C679-4245-B9D8-B2A92F0FB468}.Debug|Any CPU.Build.0 = Debug|Any CPU
		{D780A7BE-C679-4245-B9D8-B2A92F0FB468}.Release|Any CPU.ActiveCfg = Release|Any CPU
		{D780A7BE-C679-4245-B9D8-B2A92F0FB468}.Release|Any CPU.Build.0 = Release|Any CPU
	EndGlobalSection
	GlobalSection(SolutionProperties) = preSolution
		HideSolutionNode = FALSE
	EndGlobalSection
	GlobalSection(ExtensibilityGlobals) = postSolution
		SolutionGuid = {8BA84033-CC6D-431B-A96A-F33AD20B9E20}
	EndGlobalSection
EndGlobal
